<Solution>
  <Project Path="Membership.Entities.QuocDT/Membership.Entities.QuocDT.csproj" />
  <Project Path="Membership.Repositories.QuocDT/Membership.Repositories.QuocDT.csproj" />
  <Project Path="Membership.Services.QuocDT/Membership.Services.QuocDT.csproj" />
  <Project Path="Membership.SoapService.QuocDT/Membership.SoapService.QuocDT.csproj" Id="3a3f0bae-c319-4108-b96a-fdff83d80d80" />
</Solution>
